
Microsoft Visual Studio Solution File, Format Version 12.00
# Visual Studio Version 16
VisualStudioVersion = 16.0.32407.337
MinimumVisualStudioVersion = 10.0.40219.1
Project("{8BC9CEB8-8B4A-11D0-8D11-00A0C91BC942}") = "CS202-Kitten-Crosing-Road", "CS202-Kitten-Crosing-Road.vcxproj", "{B4148D4C-C026-49F5-B52E-AF5A8DF0D0D7}"
EndProject
Global
	GlobalSection(SolutionConfigurationPlatforms) = preSolution
		Debug|x64 = Debug|x64
		Debug|x86 = Debug|x86
		Release|x64 = Release|x64
		Release|x86 = Release|x86
	EndGlobalSection
	GlobalSection(ProjectConfigurationPlatforms) = postSolution
		{B4148D4C-C026-49F5-B52E-AF5A8DF0D0D7}.Debug|x64.ActiveCfg = Debug|x64
		{B4148D4C-C026-49F5-B52E-AF5A8DF0D0D7}.Debug|x64.Build.0 = Debug|x64
		{B4148D4C-C026-49F5-B52E-AF5A8DF0D0D7}.Debug|x86.ActiveCfg = Debug|Win32
		{B4148D4C-C026-49F5-B52E-AF5A8DF0D0D7}.Debug|x86.Build.0 = Debug|Win32
		{B4148D4C-C026-49F5-B52E-AF5A8DF0D0D7}.Release|x64.ActiveCfg = Release|x64
		{B4148D4C-C026-49F5-B52E-AF5A8DF0D0D7}.Release|x64.Build.0 = Release|x64
		{B4148D4C-C026-49F5-B52E-AF5A8DF0D0D7}.Release|x86.ActiveCfg = Release|Win32
		{B4148D4C-C026-49F5-B52E-AF5A8DF0D0D7}.Release|x86.Build.0 = Release|Win32
	EndGlobalSection
	GlobalSection(SolutionProperties) = preSolution
		HideSolutionNode = FALSE
	EndGlobalSection
	GlobalSection(ExtensibilityGlobals) = postSolution
		SolutionGuid = {556DF905-5606-4D5F-ACB7-E89C18430874}
	EndGlobalSection
EndGlobal
